
Microsoft Visual Studio Solution File, Format Version 12.00
# Visual Studio Version 17
VisualStudioVersion = 17.4.33213.308
MinimumVisualStudioVersion = 10.0.40219.1
Project("{FAE04EC0-301F-11D3-BF4B-00C04F79EFBC}") = "BloodDonationApp", "BloodDonationApp\BloodDonationApp.csproj", "{6058769F-F6C4-4F96-A8E5-0EC379A48EDC}"
EndProject
Global
	GlobalSection(SolutionConfigurationPlatforms) = preSolution
		Debug|Any CPU = Debug|Any CPU
		Release|Any CPU = Release|Any CPU
	EndGlobalSection
	GlobalSection(ProjectConfigurationPlatforms) = postSolution
		{6058769F-F6C4-4F96-A8E5-0EC379A48EDC}.Debug|Any CPU.ActiveCfg = Debug|Any CPU
		{6058769F-F6C4-4F96-A8E5-0EC379A48EDC}.Debug|Any CPU.Build.0 = Debug|Any CPU
		{6058769F-F6C4-4F96-A8E5-0EC379A48EDC}.Release|Any CPU.ActiveCfg = Release|Any CPU
		{6058769F-F6C4-4F96-A8E5-0EC379A48EDC}.Release|Any CPU.Build.0 = Release|Any CPU
	EndGlobalSection
	GlobalSection(SolutionProperties) = preSolution
		HideSolutionNode = FALSE
	EndGlobalSection
	GlobalSection(ExtensibilityGlobals) = postSolution
		SolutionGuid = {A4DDD9B8-FF91-4F59-9FA5-2958C6E5B93D}
	EndGlobalSection
EndGlobal
